<?xml version="1.0" encoding="utf-8"?>
<Project ToolsVersion="4.0" xmlns="http://schemas.microsoft.com/developer/msbuild/2003">
  <ItemGroup>
    <ClCompile Include="source\App.cpp">
      <Filter>Source Files</Filter>
    </ClCompile>
    <ClCompile Include="source\DualFilter.cpp">
      <Filter>Source Files</Filter>
    </ClCompile>
    <ClCompile Include="source\ImagePyramidFilter.cpp">
      <Filter>Source Files</Filter>
    </ClCompile>
    <ClCompile Include="source\GaussianFilter.cpp">
      <Filter>Source Files</Filter>
    </ClCompile>
    <ClCompile Include="source\Renderer.cpp">
      <Filter>Source Files</Filter>
    </ClCompile>
  </ItemGroup>
  <ItemGroup>
    <ClInclude Include="source\App.h">
      <Filter>Header Files</Filter>
    </ClInclude>
    <ClInclude Include="source\DualFilter.h">
      <Filter>Header Files</Filter>
    </ClInclude>
    <ClInclude Include="source\GaussianFilter.h">
      <Filter>Header Files</Filter>
    </ClInclude>
    <ClInclude Include="source\ImagePyramidFilter.h">
      <Filter>Header Files</Filter>
    </ClInclude>
    <ClInclude Include="source\Renderer.h">
      <Filter>Header Files</Filter>
    </ClInclude>
  </ItemGroup>
  <ItemGroup>
    <ResourceCompile Include="resources.rc" />
  </ItemGroup>
  <ItemGroup>
    <Filter Include="Source Files">
      <UniqueIdentifier>{e022396f-0616-4d65-bb46-4497a9a24891}</UniqueIdentifier>
      <Extensions>*.cpp</Extensions>
    </Filter>
    <Filter Include="Header Files">
      <UniqueIdentifier>{7808eb57-c0e1-4947-8248-1127238ea26e}</UniqueIdentifier>
      <Extensions>*.h</Extensions>
    </Filter>
    <Filter Include="Shader Files">
      <UniqueIdentifier>{562523b7-dfa2-4cfa-acae-1ad7ade219dd}</UniqueIdentifier>
      <Extensions>*.vrt;*.geo;*.pix</Extensions>
    </Filter>
    <Filter Include="Scene Files">
      <UniqueIdentifier>{f7819c7b-69f2-4778-bec8-4dbee2bfa711}</UniqueIdentifier>
      <Extensions>*.any</Extensions>
    </Filter>
  </ItemGroup>
  <ItemGroup>
    <None Include="data-files\shaders\DualFilterDownSample.pix">
      <Filter>Shader Files</Filter>
    </None>
    <None Include="data-files\shaders\DualFilterUpSample.pix">
      <Filter>Shader Files</Filter>
    </None>
    <None Include="data-files\shaders\ImagePyramidFilterDownSample.pix">
      <Filter>Shader Files</Filter>
    </None>
    <None Include="data-files\shaders\ImagePyramidFilterUpSample.pix">
      <Filter>Shader Files</Filter>
    </None>
    <None Include="data-files\shaders\Merge.pix">
      <Filter>Shader Files</Filter>
    </None>
    <None Include="data-files\scenes\Simple_Cornell_Box_(Area_Light).Scene.Any">
      <Filter>Scene Files</Filter>
    </None>
  </ItemGroup>
</Project>